
Microsoft Visual Studio Solution File, Format Version 12.00
# Visual Studio Version 17
VisualStudioVersion = 17.4.33122.133
MinimumVisualStudioVersion = 10.0.40219.1
Project("{9A19103F-16F7-4668-BE54-9A1E7A4F7556}") = "FoodWaste.WebApp", "FoodWaste\FoodWaste.WebApp.csproj", "{79909882-9E01-44FA-8B6A-E565C9BC3A61}"
EndProject
Project("{9A19103F-16F7-4668-BE54-9A1E7A4F7556}") = "FoodWaste.Domain", "FoodWaste.Domain\FoodWaste.Domain.csproj", "{25AB9FAA-C373-45E7-961B-093F806B51DF}"
EndProject
Project("{9A19103F-16F7-4668-BE54-9A1E7A4F7556}") = "FoodWaste.DomainServices", "FoodWaste.DomainServices\FoodWaste.DomainServices.csproj", "{8105E7DE-3DA9-4564-A407-C01C96397471}"
EndProject
Project("{9A19103F-16F7-4668-BE54-9A1E7A4F7556}") = "FoodWaste.Infrastructure", "FoodWaste.Infrastructure\FoodWaste.Infrastructure.csproj", "{22CFFBF7-FCBF-447B-94FB-9129E7138A11}"
EndProject
Project("{9A19103F-16F7-4668-BE54-9A1E7A4F7556}") = "FoodWaste.API", "FoodWaste.API\FoodWaste.API.csproj", "{EEB2264E-B7EC-4BEA-9EC9-AEB5299258B5}"
EndProject
Project("{FAE04EC0-301F-11D3-BF4B-00C04F79EFBC}") = "FoodWaste.Tests", "FoodWaste.Tests\FoodWaste.Tests.csproj", "{04709621-CC9B-4EDF-8915-06060ED01ABE}"
EndProject
Global
	GlobalSection(SolutionConfigurationPlatforms) = preSolution
		Debug|Any CPU = Debug|Any CPU
		Release|Any CPU = Release|Any CPU
	EndGlobalSection
	GlobalSection(ProjectConfigurationPlatforms) = postSolution
		{79909882-9E01-44FA-8B6A-E565C9BC3A61}.Debug|Any CPU.ActiveCfg = Debug|Any CPU
		{79909882-9E01-44FA-8B6A-E565C9BC3A61}.Debug|Any CPU.Build.0 = Debug|Any CPU
		{79909882-9E01-44FA-8B6A-E565C9BC3A61}.Release|Any CPU.ActiveCfg = Release|Any CPU
		{79909882-9E01-44FA-8B6A-E565C9BC3A61}.Release|Any CPU.Build.0 = Release|Any CPU
		{25AB9FAA-C373-45E7-961B-093F806B51DF}.Debug|Any CPU.ActiveCfg = Debug|Any CPU
		{25AB9FAA-C373-45E7-961B-093F806B51DF}.Debug|Any CPU.Build.0 = Debug|Any CPU
		{25AB9FAA-C373-45E7-961B-093F806B51DF}.Release|Any CPU.ActiveCfg = Release|Any CPU
		{25AB9FAA-C373-45E7-961B-093F806B51DF}.Release|Any CPU.Build.0 = Release|Any CPU
		{8105E7DE-3DA9-4564-A407-C01C96397471}.Debug|Any CPU.ActiveCfg = Debug|Any CPU
		{8105E7DE-3DA9-4564-A407-C01C96397471}.Debug|Any CPU.Build.0 = Debug|Any CPU
		{8105E7DE-3DA9-4564-A407-C01C96397471}.Release|Any CPU.ActiveCfg = Release|Any CPU
		{8105E7DE-3DA9-4564-A407-C01C96397471}.Release|Any CPU.Build.0 = Release|Any CPU
		{22CFFBF7-FCBF-447B-94FB-9129E7138A11}.Debug|Any CPU.ActiveCfg = Debug|Any CPU
		{22CFFBF7-FCBF-447B-94FB-9129E7138A11}.Debug|Any CPU.Build.0 = Debug|Any CPU
		{22CFFBF7-FCBF-447B-94FB-9129E7138A11}.Release|Any CPU.ActiveCfg = Release|Any CPU
		{22CFFBF7-FCBF-447B-94FB-9129E7138A11}.Release|Any CPU.Build.0 = Release|Any CPU
		{EEB2264E-B7EC-4BEA-9EC9-AEB5299258B5}.Debug|Any CPU.ActiveCfg = Debug|Any CPU
		{EEB2264E-B7EC-4BEA-9EC9-AEB5299258B5}.Debug|Any CPU.Build.0 = Debug|Any CPU
		{EEB2264E-B7EC-4BEA-9EC9-AEB5299258B5}.Release|Any CPU.ActiveCfg = Release|Any CPU
		{EEB2264E-B7EC-4BEA-9EC9-AEB5299258B5}.Release|Any CPU.Build.0 = Release|Any CPU
		{04709621-CC9B-4EDF-8915-06060ED01ABE}.Debug|Any CPU.ActiveCfg = Debug|Any CPU
		{04709621-CC9B-4EDF-8915-06060ED01ABE}.Debug|Any CPU.Build.0 = Debug|Any CPU
		{04709621-CC9B-4EDF-8915-06060ED01ABE}.Release|Any CPU.ActiveCfg = Release|Any CPU
		{04709621-CC9B-4EDF-8915-06060ED01ABE}.Release|Any CPU.Build.0 = Release|Any CPU
	EndGlobalSection
	GlobalSection(SolutionProperties) = preSolution
		HideSolutionNode = FALSE
	EndGlobalSection
	GlobalSection(ExtensibilityGlobals) = postSolution
		SolutionGuid = {46700A75-2C25-4029-8E34-6A174C96E577}
	EndGlobalSection
EndGlobal
